// !$*UTF8*$!
{
	archiveVersion = 1;
	classes = {
	};
	objectVersion = 56;
	objects = {

/* Begin PBXBuildFile section */
		532312A32A1272F600890F95 /* DetailCoordinator.swift in Sources */ = {isa = PBXBuildFile; fileRef = 532312A22A1272F600890F95 /* DetailCoordinator.swift */; };
		5347112329D5CF550026A40C /* AppDelegate.swift in Sources */ = {isa = PBXBuildFile; fileRef = 5347112229D5CF550026A40C /* AppDelegate.swift */; };
		5347112529D5CF550026A40C /* SceneDelegate.swift in Sources */ = {isa = PBXBuildFile; fileRef = 5347112429D5CF550026A40C /* SceneDelegate.swift */; };
		5347112729D5CF550026A40C /* SearchViewController.swift in Sources */ = {isa = PBXBuildFile; fileRef = 5347112629D5CF550026A40C /* SearchViewController.swift */; };
		5347112C29D5CF560026A40C /* Assets.xcassets in Resources */ = {isa = PBXBuildFile; fileRef = 5347112B29D5CF560026A40C /* Assets.xcassets */; };
		5347112F29D5CF560026A40C /* LaunchScreen.storyboard in Resources */ = {isa = PBXBuildFile; fileRef = 5347112D29D5CF560026A40C /* LaunchScreen.storyboard */; };
		537C2DA029F6A32A00942684 /* SearchViewModel.swift in Sources */ = {isa = PBXBuildFile; fileRef = 537C2D9F29F6A32A00942684 /* SearchViewModel.swift */; };
		537C2DA229F6C39500942684 /* ViewModelProtocol.swift in Sources */ = {isa = PBXBuildFile; fileRef = 537C2DA129F6C39500942684 /* ViewModelProtocol.swift */; };
		537C2DA529F7E32B00942684 /* SearchResultDTO.swift in Sources */ = {isa = PBXBuildFile; fileRef = 537C2DA429F7E32B00942684 /* SearchResultDTO.swift */; };
		537C2DA729F7E39B00942684 /* AppInformationDTO.swift in Sources */ = {isa = PBXBuildFile; fileRef = 537C2DA629F7E39B00942684 /* AppInformationDTO.swift */; };
		537C2DA929F9255D00942684 /* APIProtocol.swift in Sources */ = {isa = PBXBuildFile; fileRef = 537C2DA829F9255D00942684 /* APIProtocol.swift */; };
		537C2DAB29F963D600942684 /* APIResponse.swift in Sources */ = {isa = PBXBuildFile; fileRef = 537C2DAA29F963D600942684 /* APIResponse.swift */; };
		537C2DAD29FAAB5700942684 /* NetworkError.swift in Sources */ = {isa = PBXBuildFile; fileRef = 537C2DAC29FAAB5700942684 /* NetworkError.swift */; };
		537C2DAF29FAB3E400942684 /* SessionRequestable.swift in Sources */ = {isa = PBXBuildFile; fileRef = 537C2DAE29FAB3E400942684 /* SessionRequestable.swift */; };
		53A2F93029ED6FD30018560C /* CoordinatorProtocol.swift in Sources */ = {isa = PBXBuildFile; fileRef = 53A2F92F29ED6FD30018560C /* CoordinatorProtocol.swift */; };
		53A2F93229ED7E210018560C /* CoordinatorType.swift in Sources */ = {isa = PBXBuildFile; fileRef = 53A2F93129ED7E210018560C /* CoordinatorType.swift */; };
		53A2F93C29F137550018560C /* AppCoordinator.swift in Sources */ = {isa = PBXBuildFile; fileRef = 53A2F93B29F137550018560C /* AppCoordinator.swift */; };
		53A2F94029F164560018560C /* SearchCoordinator.swift in Sources */ = {isa = PBXBuildFile; fileRef = 53A2F93F29F164560018560C /* SearchCoordinator.swift */; };
		53B3D9B629FBDFEC00C51BDB /* JSONDecodingTest.swift in Sources */ = {isa = PBXBuildFile; fileRef = 53B3D9B529FBDFEC00C51BDB /* JSONDecodingTest.swift */; };
		53B3D9B829FBE38A00C51BDB /* mock.json in Resources */ = {isa = PBXBuildFile; fileRef = 53B3D9B729FBE38A00C51BDB /* mock.json */; };
		53B3D9BA29FD2DE500C51BDB /* MockURLSession.swift in Sources */ = {isa = PBXBuildFile; fileRef = 53B3D9B929FD2DE500C51BDB /* MockURLSession.swift */; };
		53B3D9BC29FD3ABD00C51BDB /* MockURLSessionTest.swift in Sources */ = {isa = PBXBuildFile; fileRef = 53B3D9BB29FD3ABD00C51BDB /* MockURLSessionTest.swift */; };
		53B3D9BE29FD40EB00C51BDB /* ItunesAPI.swift in Sources */ = {isa = PBXBuildFile; fileRef = 53B3D9BD29FD40EB00C51BDB /* ItunesAPI.swift */; };
		53B3D9C029FEC05600C51BDB /* AppInformation.swift in Sources */ = {isa = PBXBuildFile; fileRef = 53B3D9BF29FEC05600C51BDB /* AppInformation.swift */; };
		53B3D9C229FFC1CF00C51BDB /* ItunesSearchAPITest.swift in Sources */ = {isa = PBXBuildFile; fileRef = 53B3D9C129FFC1CF00C51BDB /* ItunesSearchAPITest.swift */; };
		53B3D9C42A00EEDB00C51BDB /* ListTableViewCell.swift in Sources */ = {isa = PBXBuildFile; fileRef = 53B3D9C32A00EEDB00C51BDB /* ListTableViewCell.swift */; };
		53B3D9C82A01013300C51BDB /* StarImageView.swift in Sources */ = {isa = PBXBuildFile; fileRef = 53B3D9C72A01013300C51BDB /* StarImageView.swift */; };
		53B3D9CA2A010C1000C51BDB /* StarRatingStackView.swift in Sources */ = {isa = PBXBuildFile; fileRef = 53B3D9C92A010C1000C51BDB /* StarRatingStackView.swift */; };
		53B81D622A0D0D1400C9F56D /* UIImage+loadImage.swift in Sources */ = {isa = PBXBuildFile; fileRef = 53B81D612A0D0D1400C9F56D /* UIImage+loadImage.swift */; };
		53B81D642A0E447600C9F56D /* ImageCacheManager.swift in Sources */ = {isa = PBXBuildFile; fileRef = 53B81D632A0E447600C9F56D /* ImageCacheManager.swift */; };
		53B81D662A0E6DBB00C9F56D /* Int+formatter.swift in Sources */ = {isa = PBXBuildFile; fileRef = 53B81D652A0E6DBB00C9F56D /* Int+formatter.swift */; };
/* End PBXBuildFile section */

/* Begin PBXContainerItemProxy section */
		53B3D9B029FBDFC500C51BDB /* PBXContainerItemProxy */ = {
			isa = PBXContainerItemProxy;
			containerPortal = 5347111729D5CF550026A40C /* Project object */;
			proxyType = 1;
			remoteGlobalIDString = 5347111E29D5CF550026A40C;
			remoteInfo = AppStore;
		};
/* End PBXContainerItemProxy section */

/* Begin PBXFileReference section */
		532312A22A1272F600890F95 /* DetailCoordinator.swift */ = {isa = PBXFileReference; lastKnownFileType = sourcecode.swift; path = DetailCoordinator.swift; sourceTree = "<group>"; };
		5347111F29D5CF550026A40C /* AppStore.app */ = {isa = PBXFileReference; explicitFileType = wrapper.application; includeInIndex = 0; path = AppStore.app; sourceTree = BUILT_PRODUCTS_DIR; };
		5347112229D5CF550026A40C /* AppDelegate.swift */ = {isa = PBXFileReference; lastKnownFileType = sourcecode.swift; path = AppDelegate.swift; sourceTree = "<group>"; };
		5347112429D5CF550026A40C /* SceneDelegate.swift */ = {isa = PBXFileReference; lastKnownFileType = sourcecode.swift; path = SceneDelegate.swift; sourceTree = "<group>"; };
		5347112629D5CF550026A40C /* SearchViewController.swift */ = {isa = PBXFileReference; lastKnownFileType = sourcecode.swift; path = SearchViewController.swift; sourceTree = "<group>"; };
		5347112B29D5CF560026A40C /* Assets.xcassets */ = {isa = PBXFileReference; lastKnownFileType = folder.assetcatalog; path = Assets.xcassets; sourceTree = "<group>"; };
		5347112E29D5CF560026A40C /* Base */ = {isa = PBXFileReference; lastKnownFileType = file.storyboard; name = Base; path = Base.lproj/LaunchScreen.storyboard; sourceTree = "<group>"; };
		5347113029D5CF560026A40C /* Info.plist */ = {isa = PBXFileReference; lastKnownFileType = text.plist.xml; path = Info.plist; sourceTree = "<group>"; };
		537C2D9F29F6A32A00942684 /* SearchViewModel.swift */ = {isa = PBXFileReference; lastKnownFileType = sourcecode.swift; path = SearchViewModel.swift; sourceTree = "<group>"; };
		537C2DA129F6C39500942684 /* ViewModelProtocol.swift */ = {isa = PBXFileReference; lastKnownFileType = sourcecode.swift; path = ViewModelProtocol.swift; sourceTree = "<group>"; };
		537C2DA429F7E32B00942684 /* SearchResultDTO.swift */ = {isa = PBXFileReference; lastKnownFileType = sourcecode.swift; path = SearchResultDTO.swift; sourceTree = "<group>"; };
		537C2DA629F7E39B00942684 /* AppInformationDTO.swift */ = {isa = PBXFileReference; lastKnownFileType = sourcecode.swift; path = AppInformationDTO.swift; sourceTree = "<group>"; };
		537C2DA829F9255D00942684 /* APIProtocol.swift */ = {isa = PBXFileReference; lastKnownFileType = sourcecode.swift; path = APIProtocol.swift; sourceTree = "<group>"; };
		537C2DAA29F963D600942684 /* APIResponse.swift */ = {isa = PBXFileReference; lastKnownFileType = sourcecode.swift; path = APIResponse.swift; sourceTree = "<group>"; };
		537C2DAC29FAAB5700942684 /* NetworkError.swift */ = {isa = PBXFileReference; lastKnownFileType = sourcecode.swift; path = NetworkError.swift; sourceTree = "<group>"; };
		537C2DAE29FAB3E400942684 /* SessionRequestable.swift */ = {isa = PBXFileReference; lastKnownFileType = sourcecode.swift; path = SessionRequestable.swift; sourceTree = "<group>"; };
		53A2F92F29ED6FD30018560C /* CoordinatorProtocol.swift */ = {isa = PBXFileReference; lastKnownFileType = sourcecode.swift; path = CoordinatorProtocol.swift; sourceTree = "<group>"; };
		53A2F93129ED7E210018560C /* CoordinatorType.swift */ = {isa = PBXFileReference; lastKnownFileType = sourcecode.swift; path = CoordinatorType.swift; sourceTree = "<group>"; };
		53A2F93B29F137550018560C /* AppCoordinator.swift */ = {isa = PBXFileReference; lastKnownFileType = sourcecode.swift; path = AppCoordinator.swift; sourceTree = "<group>"; };
		53A2F93F29F164560018560C /* SearchCoordinator.swift */ = {isa = PBXFileReference; lastKnownFileType = sourcecode.swift; path = SearchCoordinator.swift; sourceTree = "<group>"; };
		53B3D9AC29FBDFC500C51BDB /* AppStoreTests.xctest */ = {isa = PBXFileReference; explicitFileType = wrapper.cfbundle; includeInIndex = 0; path = AppStoreTests.xctest; sourceTree = BUILT_PRODUCTS_DIR; };
		53B3D9B529FBDFEC00C51BDB /* JSONDecodingTest.swift */ = {isa = PBXFileReference; lastKnownFileType = sourcecode.swift; path = JSONDecodingTest.swift; sourceTree = "<group>"; };
		53B3D9B729FBE38A00C51BDB /* mock.json */ = {isa = PBXFileReference; lastKnownFileType = text.json; path = mock.json; sourceTree = "<group>"; };
		53B3D9B929FD2DE500C51BDB /* MockURLSession.swift */ = {isa = PBXFileReference; lastKnownFileType = sourcecode.swift; path = MockURLSession.swift; sourceTree = "<group>"; };
		53B3D9BB29FD3ABD00C51BDB /* MockURLSessionTest.swift */ = {isa = PBXFileReference; lastKnownFileType = sourcecode.swift; path = MockURLSessionTest.swift; sourceTree = "<group>"; };
		53B3D9BD29FD40EB00C51BDB /* ItunesAPI.swift */ = {isa = PBXFileReference; lastKnownFileType = sourcecode.swift; path = ItunesAPI.swift; sourceTree = "<group>"; };
		53B3D9BF29FEC05600C51BDB /* AppInformation.swift */ = {isa = PBXFileReference; lastKnownFileType = sourcecode.swift; path = AppInformation.swift; sourceTree = "<group>"; };
		53B3D9C129FFC1CF00C51BDB /* ItunesSearchAPITest.swift */ = {isa = PBXFileReference; lastKnownFileType = sourcecode.swift; path = ItunesSearchAPITest.swift; sourceTree = "<group>"; };
		53B3D9C32A00EEDB00C51BDB /* ListTableViewCell.swift */ = {isa = PBXFileReference; lastKnownFileType = sourcecode.swift; path = ListTableViewCell.swift; sourceTree = "<group>"; };
		53B3D9C72A01013300C51BDB /* StarImageView.swift */ = {isa = PBXFileReference; lastKnownFileType = sourcecode.swift; path = StarImageView.swift; sourceTree = "<group>"; };
		53B3D9C92A010C1000C51BDB /* StarRatingStackView.swift */ = {isa = PBXFileReference; lastKnownFileType = sourcecode.swift; path = StarRatingStackView.swift; sourceTree = "<group>"; };
		53B81D612A0D0D1400C9F56D /* UIImage+loadImage.swift */ = {isa = PBXFileReference; lastKnownFileType = sourcecode.swift; path = "UIImage+loadImage.swift"; sourceTree = "<group>"; };
		53B81D632A0E447600C9F56D /* ImageCacheManager.swift */ = {isa = PBXFileReference; lastKnownFileType = sourcecode.swift; path = ImageCacheManager.swift; sourceTree = "<group>"; };
		53B81D652A0E6DBB00C9F56D /* Int+formatter.swift */ = {isa = PBXFileReference; lastKnownFileType = sourcecode.swift; path = "Int+formatter.swift"; sourceTree = "<group>"; };
/* End PBXFileReference section */

/* Begin PBXFrameworksBuildPhase section */
		5347111C29D5CF550026A40C /* Frameworks */ = {
			isa = PBXFrameworksBuildPhase;
			buildActionMask = 2147483647;
			files = (
			);
			runOnlyForDeploymentPostprocessing = 0;
		};
		53B3D9A929FBDFC500C51BDB /* Frameworks */ = {
			isa = PBXFrameworksBuildPhase;
			buildActionMask = 2147483647;
			files = (
			);
			runOnlyForDeploymentPostprocessing = 0;
		};
/* End PBXFrameworksBuildPhase section */

/* Begin PBXGroup section */
		532312A12A1272DB00890F95 /* Detail */ = {
			isa = PBXGroup;
			children = (
				532312A22A1272F600890F95 /* DetailCoordinator.swift */,
			);
			path = Detail;
			sourceTree = "<group>";
		};
		5347111629D5CF550026A40C = {
			isa = PBXGroup;
			children = (
				5347112129D5CF550026A40C /* AppStore */,
				53B3D9AD29FBDFC500C51BDB /* AppStoreTests */,
				5347112029D5CF550026A40C /* Products */,
			);
			sourceTree = "<group>";
		};
		5347112029D5CF550026A40C /* Products */ = {
			isa = PBXGroup;
			children = (
				5347111F29D5CF550026A40C /* AppStore.app */,
				53B3D9AC29FBDFC500C51BDB /* AppStoreTests.xctest */,
			);
			name = Products;
			sourceTree = "<group>";
		};
		5347112129D5CF550026A40C /* AppStore */ = {
			isa = PBXGroup;
			children = (
				53A2F93329ED83530018560C /* App */,
				53A2F93429ED836F0018560C /* Presentation */,
				53A2F93529ED838A0018560C /* Model */,
				53A2F93629ED83920018560C /* Network */,
				53A2F93729ED839B0018560C /* Protocols */,
				53A2F93829ED83A40018560C /* Extensions */,
				53A2F93929ED83AE0018560C /* Utilities */,
				53A2F93A29ED83F10018560C /* Resources */,
				5347113029D5CF560026A40C /* Info.plist */,
			);
			path = AppStore;
			sourceTree = "<group>";
		};
		537C2D9E29F6A2FF00942684 /* ViewModel */ = {
			isa = PBXGroup;
			children = (
				537C2D9F29F6A32A00942684 /* SearchViewModel.swift */,
			);
			path = ViewModel;
			sourceTree = "<group>";
		};
		537C2DA329F7E30900942684 /* DTO */ = {
			isa = PBXGroup;
			children = (
				537C2DA429F7E32B00942684 /* SearchResultDTO.swift */,
				537C2DA629F7E39B00942684 /* AppInformationDTO.swift */,
			);
			path = DTO;
			sourceTree = "<group>";
		};
		53A2F93329ED83530018560C /* App */ = {
			isa = PBXGroup;
			children = (
				5347112229D5CF550026A40C /* AppDelegate.swift */,
				5347112429D5CF550026A40C /* SceneDelegate.swift */,
			);
			path = App;
			sourceTree = "<group>";
		};
		53A2F93429ED836F0018560C /* Presentation */ = {
			isa = PBXGroup;
			children = (
				53A2F93B29F137550018560C /* AppCoordinator.swift */,
				53A2F93D29F13A780018560C /* Search */,
				532312A12A1272DB00890F95 /* Detail */,
			);
			path = Presentation;
			sourceTree = "<group>";
		};
		53A2F93529ED838A0018560C /* Model */ = {
			isa = PBXGroup;
			children = (
				53B3D9BF29FEC05600C51BDB /* AppInformation.swift */,
			);
			path = Model;
			sourceTree = "<group>";
		};
		53A2F93629ED83920018560C /* Network */ = {
			isa = PBXGroup;
			children = (
				537C2DA829F9255D00942684 /* APIProtocol.swift */,
				537C2DAE29FAB3E400942684 /* SessionRequestable.swift */,
				537C2DAA29F963D600942684 /* APIResponse.swift */,
				537C2DAC29FAAB5700942684 /* NetworkError.swift */,
				53B3D9BD29FD40EB00C51BDB /* ItunesAPI.swift */,
				537C2DA329F7E30900942684 /* DTO */,
			);
			path = Network;
			sourceTree = "<group>";
		};
		53A2F93729ED839B0018560C /* Protocols */ = {
			isa = PBXGroup;
			children = (
				537C2DA129F6C39500942684 /* ViewModelProtocol.swift */,
				53A2F93129ED7E210018560C /* CoordinatorType.swift */,
				53A2F92F29ED6FD30018560C /* CoordinatorProtocol.swift */,
			);
			path = Protocols;
			sourceTree = "<group>";
		};
		53A2F93829ED83A40018560C /* Extensions */ = {
			isa = PBXGroup;
			children = (
				53B81D612A0D0D1400C9F56D /* UIImage+loadImage.swift */,
				53B81D652A0E6DBB00C9F56D /* Int+formatter.swift */,
			);
			path = Extensions;
			sourceTree = "<group>";
		};
		53A2F93929ED83AE0018560C /* Utilities */ = {
			isa = PBXGroup;
			children = (
				53B81D632A0E447600C9F56D /* ImageCacheManager.swift */,
			);
			path = Utilities;
			sourceTree = "<group>";
		};
		53A2F93A29ED83F10018560C /* Resources */ = {
			isa = PBXGroup;
			children = (
				5347112B29D5CF560026A40C /* Assets.xcassets */,
				5347112D29D5CF560026A40C /* LaunchScreen.storyboard */,
			);
			path = Resources;
			sourceTree = "<group>";
		};
		53A2F93D29F13A780018560C /* Search */ = {
			isa = PBXGroup;
			children = (
				53A2F93F29F164560018560C /* SearchCoordinator.swift */,
				537C2D9E29F6A2FF00942684 /* ViewModel */,
				53A2F93E29F13AB20018560C /* View */,
			);
			path = Search;
			sourceTree = "<group>";
		};
		53A2F93E29F13AB20018560C /* View */ = {
			isa = PBXGroup;
			children = (
				5347112629D5CF550026A40C /* SearchViewController.swift */,
				53B3D9C32A00EEDB00C51BDB /* ListTableViewCell.swift */,
				53B3D9C72A01013300C51BDB /* StarImageView.swift */,
				53B3D9C92A010C1000C51BDB /* StarRatingStackView.swift */,
			);
			path = View;
			sourceTree = "<group>";
		};
		53B3D9AD29FBDFC500C51BDB /* AppStoreTests */ = {
			isa = PBXGroup;
			children = (
				53B3D9B729FBE38A00C51BDB /* mock.json */,
				53B3D9B529FBDFEC00C51BDB /* JSONDecodingTest.swift */,
				53B3D9B929FD2DE500C51BDB /* MockURLSession.swift */,
				53B3D9BB29FD3ABD00C51BDB /* MockURLSessionTest.swift */,
				53B3D9C129FFC1CF00C51BDB /* ItunesSearchAPITest.swift */,
			);
			path = AppStoreTests;
			sourceTree = "<group>";
		};
/* End PBXGroup section */

/* Begin PBXNativeTarget section */
		5347111E29D5CF550026A40C /* AppStore */ = {
			isa = PBXNativeTarget;
			buildConfigurationList = 5347113329D5CF560026A40C /* Build configuration list for PBXNativeTarget "AppStore" */;
			buildPhases = (
				5347111B29D5CF550026A40C /* Sources */,
				5347111C29D5CF550026A40C /* Frameworks */,
				5347111D29D5CF550026A40C /* Resources */,
			);
			buildRules = (
			);
			dependencies = (
			);
			name = AppStore;
			productName = AppStore;
			productReference = 5347111F29D5CF550026A40C /* AppStore.app */;
			productType = "com.apple.product-type.application";
		};
		53B3D9AB29FBDFC500C51BDB /* AppStoreTests */ = {
			isa = PBXNativeTarget;
			buildConfigurationList = 53B3D9B429FBDFC500C51BDB /* Build configuration list for PBXNativeTarget "AppStoreTests" */;
			buildPhases = (
				53B3D9A829FBDFC500C51BDB /* Sources */,
				53B3D9A929FBDFC500C51BDB /* Frameworks */,
				53B3D9AA29FBDFC500C51BDB /* Resources */,
			);
			buildRules = (
			);
			dependencies = (
				53B3D9B129FBDFC500C51BDB /* PBXTargetDependency */,
			);
			name = AppStoreTests;
			productName = AppStoreTests;
			productReference = 53B3D9AC29FBDFC500C51BDB /* AppStoreTests.xctest */;
			productType = "com.apple.product-type.bundle.unit-test";
		};
/* End PBXNativeTarget section */

/* Begin PBXProject section */
		5347111729D5CF550026A40C /* Project object */ = {
			isa = PBXProject;
			attributes = {
				BuildIndependentTargetsInParallel = 1;
				LastSwiftUpdateCheck = 1410;
				LastUpgradeCheck = 1410;
				TargetAttributes = {
					5347111E29D5CF550026A40C = {
						CreatedOnToolsVersion = 14.1;
					};
					53B3D9AB29FBDFC500C51BDB = {
						CreatedOnToolsVersion = 14.1;
						TestTargetID = 5347111E29D5CF550026A40C;
					};
				};
			};
			buildConfigurationList = 5347111A29D5CF550026A40C /* Build configuration list for PBXProject "AppStore" */;
			compatibilityVersion = "Xcode 14.0";
			developmentRegion = en;
			hasScannedForEncodings = 0;
			knownRegions = (
				en,
				Base,
			);
			mainGroup = 5347111629D5CF550026A40C;
			productRefGroup = 5347112029D5CF550026A40C /* Products */;
			projectDirPath = "";
			projectRoot = "";
			targets = (
				5347111E29D5CF550026A40C /* AppStore */,
				53B3D9AB29FBDFC500C51BDB /* AppStoreTests */,
			);
		};
/* End PBXProject section */

/* Begin PBXResourcesBuildPhase section */
		5347111D29D5CF550026A40C /* Resources */ = {
			isa = PBXResourcesBuildPhase;
			buildActionMask = 2147483647;
			files = (
				5347112F29D5CF560026A40C /* LaunchScreen.storyboard in Resources */,
				5347112C29D5CF560026A40C /* Assets.xcassets in Resources */,
			);
			runOnlyForDeploymentPostprocessing = 0;
		};
		53B3D9AA29FBDFC500C51BDB /* Resources */ = {
			isa = PBXResourcesBuildPhase;
			buildActionMask = 2147483647;
			files = (
				53B3D9B829FBE38A00C51BDB /* mock.json in Resources */,
			);
			runOnlyForDeploymentPostprocessing = 0;
		};
/* End PBXResourcesBuildPhase section */

/* Begin PBXSourcesBuildPhase section */
		5347111B29D5CF550026A40C /* Sources */ = {
			isa = PBXSourcesBuildPhase;
			buildActionMask = 2147483647;
			files = (
				53A2F93229ED7E210018560C /* CoordinatorType.swift in Sources */,
				537C2DAF29FAB3E400942684 /* SessionRequestable.swift in Sources */,
				5347112729D5CF550026A40C /* SearchViewController.swift in Sources */,
				537C2DA029F6A32A00942684 /* SearchViewModel.swift in Sources */,
				53B3D9C029FEC05600C51BDB /* AppInformation.swift in Sources */,
				537C2DA929F9255D00942684 /* APIProtocol.swift in Sources */,
				53B3D9C82A01013300C51BDB /* StarImageView.swift in Sources */,
				53B81D622A0D0D1400C9F56D /* UIImage+loadImage.swift in Sources */,
				537C2DA529F7E32B00942684 /* SearchResultDTO.swift in Sources */,
				532312A32A1272F600890F95 /* DetailCoordinator.swift in Sources */,
				53B81D662A0E6DBB00C9F56D /* Int+formatter.swift in Sources */,
				5347112329D5CF550026A40C /* AppDelegate.swift in Sources */,
				53B3D9C42A00EEDB00C51BDB /* ListTableViewCell.swift in Sources */,
				53A2F93029ED6FD30018560C /* CoordinatorProtocol.swift in Sources */,
				53B3D9BE29FD40EB00C51BDB /* ItunesAPI.swift in Sources */,
				537C2DAB29F963D600942684 /* APIResponse.swift in Sources */,
				53B3D9CA2A010C1000C51BDB /* StarRatingStackView.swift in Sources */,
				53A2F94029F164560018560C /* SearchCoordinator.swift in Sources */,
				537C2DAD29FAAB5700942684 /* NetworkError.swift in Sources */,
				5347112529D5CF550026A40C /* SceneDelegate.swift in Sources */,
				537C2DA729F7E39B00942684 /* AppInformationDTO.swift in Sources */,
				537C2DA229F6C39500942684 /* ViewModelProtocol.swift in Sources */,
				53B81D642A0E447600C9F56D /* ImageCacheManager.swift in Sources */,
				53A2F93C29F137550018560C /* AppCoordinator.swift in Sources */,
			);
			runOnlyForDeploymentPostprocessing = 0;
		};
		53B3D9A829FBDFC500C51BDB /* Sources */ = {
			isa = PBXSourcesBuildPhase;
			buildActionMask = 2147483647;
			files = (
				53B3D9C229FFC1CF00C51BDB /* ItunesSearchAPITest.swift in Sources */,
				53B3D9BA29FD2DE500C51BDB /* MockURLSession.swift in Sources */,
				53B3D9B629FBDFEC00C51BDB /* JSONDecodingTest.swift in Sources */,
				53B3D9BC29FD3ABD00C51BDB /* MockURLSessionTest.swift in Sources */,
			);
			runOnlyForDeploymentPostprocessing = 0;
		};
/* End PBXSourcesBuildPhase section */

/* Begin PBXTargetDependency section */
		53B3D9B129FBDFC500C51BDB /* PBXTargetDependency */ = {
			isa = PBXTargetDependency;
			target = 5347111E29D5CF550026A40C /* AppStore */;
			targetProxy = 53B3D9B029FBDFC500C51BDB /* PBXContainerItemProxy */;
		};
/* End PBXTargetDependency section */

/* Begin PBXVariantGroup section */
		5347112D29D5CF560026A40C /* LaunchScreen.storyboard */ = {
			isa = PBXVariantGroup;
			children = (
				5347112E29D5CF560026A40C /* Base */,
			);
			name = LaunchScreen.storyboard;
			sourceTree = "<group>";
		};
/* End PBXVariantGroup section */

/* Begin XCBuildConfiguration section */
		5347113129D5CF560026A40C /* Debug */ = {
			isa = XCBuildConfiguration;
			buildSettings = {
				ALWAYS_SEARCH_USER_PATHS = NO;
				CLANG_ANALYZER_NONNULL = YES;
				CLANG_ANALYZER_NUMBER_OBJECT_CONVERSION = YES_AGGRESSIVE;
				CLANG_CXX_LANGUAGE_STANDARD = "gnu++20";
				CLANG_ENABLE_MODULES = YES;
				CLANG_ENABLE_OBJC_ARC = YES;
				CLANG_ENABLE_OBJC_WEAK = YES;
				CLANG_WARN_BLOCK_CAPTURE_AUTORELEASING = YES;
				CLANG_WARN_BOOL_CONVERSION = YES;
				CLANG_WARN_COMMA = YES;
				CLANG_WARN_CONSTANT_CONVERSION = YES;
				CLANG_WARN_DEPRECATED_OBJC_IMPLEMENTATIONS = YES;
				CLANG_WARN_DIRECT_OBJC_ISA_USAGE = YES_ERROR;
				CLANG_WARN_DOCUMENTATION_COMMENTS = YES;
				CLANG_WARN_EMPTY_BODY = YES;
				CLANG_WARN_ENUM_CONVERSION = YES;
				CLANG_WARN_INFINITE_RECURSION = YES;
				CLANG_WARN_INT_CONVERSION = YES;
				CLANG_WARN_NON_LITERAL_NULL_CONVERSION = YES;
				CLANG_WARN_OBJC_IMPLICIT_RETAIN_SELF = YES;
				CLANG_WARN_OBJC_LITERAL_CONVERSION = YES;
				CLANG_WARN_OBJC_ROOT_CLASS = YES_ERROR;
				CLANG_WARN_QUOTED_INCLUDE_IN_FRAMEWORK_HEADER = YES;
				CLANG_WARN_RANGE_LOOP_ANALYSIS = YES;
				CLANG_WARN_STRICT_PROTOTYPES = YES;
				CLANG_WARN_SUSPICIOUS_MOVE = YES;
				CLANG_WARN_UNGUARDED_AVAILABILITY = YES_AGGRESSIVE;
				CLANG_WARN_UNREACHABLE_CODE = YES;
				CLANG_WARN__DUPLICATE_METHOD_MATCH = YES;
				COPY_PHASE_STRIP = NO;
				DEBUG_INFORMATION_FORMAT = dwarf;
				ENABLE_STRICT_OBJC_MSGSEND = YES;
				ENABLE_TESTABILITY = YES;
				GCC_C_LANGUAGE_STANDARD = gnu11;
				GCC_DYNAMIC_NO_PIC = NO;
				GCC_NO_COMMON_BLOCKS = YES;
				GCC_OPTIMIZATION_LEVEL = 0;
				GCC_PREPROCESSOR_DEFINITIONS = (
					"DEBUG=1",
					"$(inherited)",
				);
				GCC_WARN_64_TO_32_BIT_CONVERSION = YES;
				GCC_WARN_ABOUT_RETURN_TYPE = YES_ERROR;
				GCC_WARN_UNDECLARED_SELECTOR = YES;
				GCC_WARN_UNINITIALIZED_AUTOS = YES_AGGRESSIVE;
				GCC_WARN_UNUSED_FUNCTION = YES;
				GCC_WARN_UNUSED_VARIABLE = YES;
				IPHONEOS_DEPLOYMENT_TARGET = 15.0;
				MTL_ENABLE_DEBUG_INFO = INCLUDE_SOURCE;
				MTL_FAST_MATH = YES;
				ONLY_ACTIVE_ARCH = YES;
				SDKROOT = iphoneos;
				SWIFT_ACTIVE_COMPILATION_CONDITIONS = DEBUG;
				SWIFT_OPTIMIZATION_LEVEL = "-Onone";
			};
			name = Debug;
		};
		5347113229D5CF560026A40C /* Release */ = {
			isa = XCBuildConfiguration;
			buildSettings = {
				ALWAYS_SEARCH_USER_PATHS = NO;
				CLANG_ANALYZER_NONNULL = YES;
				CLANG_ANALYZER_NUMBER_OBJECT_CONVERSION = YES_AGGRESSIVE;
				CLANG_CXX_LANGUAGE_STANDARD = "gnu++20";
				CLANG_ENABLE_MODULES = YES;
				CLANG_ENABLE_OBJC_ARC = YES;
				CLANG_ENABLE_OBJC_WEAK = YES;
				CLANG_WARN_BLOCK_CAPTURE_AUTORELEASING = YES;
				CLANG_WARN_BOOL_CONVERSION = YES;
				CLANG_WARN_COMMA = YES;
				CLANG_WARN_CONSTANT_CONVERSION = YES;
				CLANG_WARN_DEPRECATED_OBJC_IMPLEMENTATIONS = YES;
				CLANG_WARN_DIRECT_OBJC_ISA_USAGE = YES_ERROR;
				CLANG_WARN_DOCUMENTATION_COMMENTS = YES;
				CLANG_WARN_EMPTY_BODY = YES;
				CLANG_WARN_ENUM_CONVERSION = YES;
				CLANG_WARN_INFINITE_RECURSION = YES;
				CLANG_WARN_INT_CONVERSION = YES;
				CLANG_WARN_NON_LITERAL_NULL_CONVERSION = YES;
				CLANG_WARN_OBJC_IMPLICIT_RETAIN_SELF = YES;
				CLANG_WARN_OBJC_LITERAL_CONVERSION = YES;
				CLANG_WARN_OBJC_ROOT_CLASS = YES_ERROR;
				CLANG_WARN_QUOTED_INCLUDE_IN_FRAMEWORK_HEADER = YES;
				CLANG_WARN_RANGE_LOOP_ANALYSIS = YES;
				CLANG_WARN_STRICT_PROTOTYPES = YES;
				CLANG_WARN_SUSPICIOUS_MOVE = YES;
				CLANG_WARN_UNGUARDED_AVAILABILITY = YES_AGGRESSIVE;
				CLANG_WARN_UNREACHABLE_CODE = YES;
				CLANG_WARN__DUPLICATE_METHOD_MATCH = YES;
				COPY_PHASE_STRIP = NO;
				DEBUG_INFORMATION_FORMAT = "dwarf-with-dsym";
				ENABLE_NS_ASSERTIONS = NO;
				ENABLE_STRICT_OBJC_MSGSEND = YES;
				GCC_C_LANGUAGE_STANDARD = gnu11;
				GCC_NO_COMMON_BLOCKS = YES;
				GCC_WARN_64_TO_32_BIT_CONVERSION = YES;
				GCC_WARN_ABOUT_RETURN_TYPE = YES_ERROR;
				GCC_WARN_UNDECLARED_SELECTOR = YES;
				GCC_WARN_UNINITIALIZED_AUTOS = YES_AGGRESSIVE;
				GCC_WARN_UNUSED_FUNCTION = YES;
				GCC_WARN_UNUSED_VARIABLE = YES;
				IPHONEOS_DEPLOYMENT_TARGET = 15.0;
				MTL_ENABLE_DEBUG_INFO = NO;
				MTL_FAST_MATH = YES;
				SDKROOT = iphoneos;
				SWIFT_COMPILATION_MODE = wholemodule;
				SWIFT_OPTIMIZATION_LEVEL = "-O";
				VALIDATE_PRODUCT = YES;
			};
			name = Release;
		};
		5347113429D5CF560026A40C /* Debug */ = {
			isa = XCBuildConfiguration;
			buildSettings = {
				ASSETCATALOG_COMPILER_APPICON_NAME = AppIcon;
				ASSETCATALOG_COMPILER_GLOBAL_ACCENT_COLOR_NAME = AccentColor;
				CODE_SIGN_STYLE = Automatic;
				CURRENT_PROJECT_VERSION = 1;
				DEVELOPMENT_TEAM = 79WK37N5M5;
				GENERATE_INFOPLIST_FILE = YES;
				INFOPLIST_FILE = AppStore/Info.plist;
				INFOPLIST_KEY_UIApplicationSupportsIndirectInputEvents = YES;
				INFOPLIST_KEY_UILaunchStoryboardName = LaunchScreen;
				INFOPLIST_KEY_UISupportedInterfaceOrientations_iPad = "UIInterfaceOrientationPortrait UIInterfaceOrientationPortraitUpsideDown UIInterfaceOrientationLandscapeLeft UIInterfaceOrientationLandscapeRight";
				INFOPLIST_KEY_UISupportedInterfaceOrientations_iPhone = "UIInterfaceOrientationPortrait UIInterfaceOrientationLandscapeLeft UIInterfaceOrientationLandscapeRight";
				IPHONEOS_DEPLOYMENT_TARGET = 15.0;
				LD_RUNPATH_SEARCH_PATHS = (
					"$(inherited)",
					"@executable_path/Frameworks",
				);
				MARKETING_VERSION = 1.0;
				PRODUCT_BUNDLE_IDENTIFIER = com.sunwoo.AppStore;
				PRODUCT_NAME = "$(TARGET_NAME)";
				SWIFT_EMIT_LOC_STRINGS = YES;
				SWIFT_VERSION = 5.0;
				TARGETED_DEVICE_FAMILY = "1,2";
			};
			name = Debug;
		};
		5347113529D5CF560026A40C /* Release */ = {
			isa = XCBuildConfiguration;
			buildSettings = {
				ASSETCATALOG_COMPILER_APPICON_NAME = AppIcon;
				ASSETCATALOG_COMPILER_GLOBAL_ACCENT_COLOR_NAME = AccentColor;
				CODE_SIGN_STYLE = Automatic;
				CURRENT_PROJECT_VERSION = 1;
				DEVELOPMENT_TEAM = 79WK37N5M5;
				GENERATE_INFOPLIST_FILE = YES;
				INFOPLIST_FILE = AppStore/Info.plist;
				INFOPLIST_KEY_UIApplicationSupportsIndirectInputEvents = YES;
				INFOPLIST_KEY_UILaunchStoryboardName = LaunchScreen;
				INFOPLIST_KEY_UISupportedInterfaceOrientations_iPad = "UIInterfaceOrientationPortrait UIInterfaceOrientationPortraitUpsideDown UIInterfaceOrientationLandscapeLeft UIInterfaceOrientationLandscapeRight";
				INFOPLIST_KEY_UISupportedInterfaceOrientations_iPhone = "UIInterfaceOrientationPortrait UIInterfaceOrientationLandscapeLeft UIInterfaceOrientationLandscapeRight";
				IPHONEOS_DEPLOYMENT_TARGET = 15.0;
				LD_RUNPATH_SEARCH_PATHS = (
					"$(inherited)",
					"@executable_path/Frameworks",
				);
				MARKETING_VERSION = 1.0;
				PRODUCT_BUNDLE_IDENTIFIER = com.sunwoo.AppStore;
				PRODUCT_NAME = "$(TARGET_NAME)";
				SWIFT_EMIT_LOC_STRINGS = YES;
				SWIFT_VERSION = 5.0;
				TARGETED_DEVICE_FAMILY = "1,2";
			};
			name = Release;
		};
		53B3D9B229FBDFC500C51BDB /* Debug */ = {
			isa = XCBuildConfiguration;
			buildSettings = {
				BUNDLE_LOADER = "$(TEST_HOST)";
				CODE_SIGN_STYLE = Automatic;
				CURRENT_PROJECT_VERSION = 1;
				DEVELOPMENT_TEAM = 79WK37N5M5;
				GENERATE_INFOPLIST_FILE = YES;
				IPHONEOS_DEPLOYMENT_TARGET = 16.1;
				MACOSX_DEPLOYMENT_TARGET = 12.6;
				MARKETING_VERSION = 1.0;
				PRODUCT_BUNDLE_IDENTIFIER = com.sunwoo.AppStoreTests;
				PRODUCT_NAME = "$(TARGET_NAME)";
				SDKROOT = auto;
				SUPPORTED_PLATFORMS = "iphoneos iphonesimulator macosx";
				SWIFT_EMIT_LOC_STRINGS = NO;
				SWIFT_VERSION = 5.0;
				TARGETED_DEVICE_FAMILY = "1,2";
				TEST_HOST = "$(BUILT_PRODUCTS_DIR)/AppStore.app/$(BUNDLE_EXECUTABLE_FOLDER_PATH)/AppStore";
			};
			name = Debug;
		};
		53B3D9B329FBDFC500C51BDB /* Release */ = {
			isa = XCBuildConfiguration;
			buildSettings = {
				BUNDLE_LOADER = "$(TEST_HOST)";
				CODE_SIGN_STYLE = Automatic;
				CURRENT_PROJECT_VERSION = 1;
				DEVELOPMENT_TEAM = 79WK37N5M5;
				GENERATE_INFOPLIST_FILE = YES;
				IPHONEOS_DEPLOYMENT_TARGET = 16.1;
				MACOSX_DEPLOYMENT_TARGET = 12.6;
				MARKETING_VERSION = 1.0;
				PRODUCT_BUNDLE_IDENTIFIER = com.sunwoo.AppStoreTests;
				PRODUCT_NAME = "$(TARGET_NAME)";
				SDKROOT = auto;
				SUPPORTED_PLATFORMS = "iphoneos iphonesimulator macosx";
				SWIFT_EMIT_LOC_STRINGS = NO;
				SWIFT_VERSION = 5.0;
				TARGETED_DEVICE_FAMILY = "1,2";
				TEST_HOST = "$(BUILT_PRODUCTS_DIR)/AppStore.app/$(BUNDLE_EXECUTABLE_FOLDER_PATH)/AppStore";
			};
			name = Release;
		};
/* End XCBuildConfiguration section */

/* Begin XCConfigurationList section */
		5347111A29D5CF550026A40C /* Build configuration list for PBXProject "AppStore" */ = {
			isa = XCConfigurationList;
			buildConfigurations = (
				5347113129D5CF560026A40C /* Debug */,
				5347113229D5CF560026A40C /* Release */,
			);
			defaultConfigurationIsVisible = 0;
			defaultConfigurationName = Release;
		};
		5347113329D5CF560026A40C /* Build configuration list for PBXNativeTarget "AppStore" */ = {
			isa = XCConfigurationList;
			buildConfigurations = (
				5347113429D5CF560026A40C /* Debug */,
				5347113529D5CF560026A40C /* Release */,
			);
			defaultConfigurationIsVisible = 0;
			defaultConfigurationName = Release;
		};
		53B3D9B429FBDFC500C51BDB /* Build configuration list for PBXNativeTarget "AppStoreTests" */ = {
			isa = XCConfigurationList;
			buildConfigurations = (
				53B3D9B229FBDFC500C51BDB /* Debug */,
				53B3D9B329FBDFC500C51BDB /* Release */,
			);
			defaultConfigurationIsVisible = 0;
			defaultConfigurationName = Release;
		};
/* End XCConfigurationList section */
	};
	rootObject = 5347111729D5CF550026A40C /* Project object */;
}
